
Microsoft Visual Studio Solution File, Format Version 12.00
# Visual Studio Version 17
VisualStudioVersion = 17.14.36623.8 d17.14
MinimumVisualStudioVersion = 10.0.40219.1
Project("{FAE04EC0-301F-11D3-BF4B-00C04F79EFBC}") = "PhotoOrganizer", "PhotoOrganizer.csproj", "{87661D52-9914-4C78-9B1A-E265F03AA014}"
EndProject
Global
	GlobalSection(SolutionConfigurationPlatforms) = preSolution
		Debug|Any CPU = Debug|Any CPU
		Release|Any CPU = Release|Any CPU
	EndGlobalSection
	GlobalSection(ProjectConfigurationPlatforms) = postSolution
		{87661D52-9914-4C78-9B1A-E265F03AA014}.Debug|Any CPU.ActiveCfg = Debug|Any CPU
		{87661D52-9914-4C78-9B1A-E265F03AA014}.Debug|Any CPU.Build.0 = Debug|Any CPU
		{87661D52-9914-4C78-9B1A-E265F03AA014}.Release|Any CPU.ActiveCfg = Release|Any CPU
		{87661D52-9914-4C78-9B1A-E265F03AA014}.Release|Any CPU.Build.0 = Release|Any CPU
	EndGlobalSection
	GlobalSection(SolutionProperties) = preSolution
		HideSolutionNode = FALSE
	EndGlobalSection
	GlobalSection(ExtensibilityGlobals) = postSolution
		SolutionGuid = {B371CB24-25E5-4F1B-98B5-39C51C14820C}
	EndGlobalSection
EndGlobal
